{
  "name": "tetorica-fm2612-examples",
  "version": "0.1.0",
  "lockfileVersion": 3,
  "requires": true,
  "packages": {
    "": {
      "name": "tetorica-fm2612-examples",
      "version": "0.1.0",
      "license": "BSD-3-Clause",
      "dependencies": {
        "tetorica-fm2612": "0.2.11"
      },
      "engines": {
        "node": ">=22"
      }
    },
    "node_modules/tetorica-fm2612": {
      "version": "0.2.11",
      "resolved": "https://registry.npmjs.org/tetorica-fm2612/-/tetorica-fm2612-0.2.11.tgz",
      "integrity": "sha512-uJw4OU2bs+W2RHRYMlYJabRrH0WRhPVE4jYIm4unbem/nbqSPnLvI9KFIOFjw/h7L4LXBn+h32ogbk2eFRD+wA==",
      "license": "BSD-3-Clause",
      "engines": {
        "node": ">=22"
      },
      "peerDependencies": {
        "audify": "^1.10.1"
      },
      "peerDependenciesMeta": {
        "audify": {
          "optional": true
        }
      }
    }
  }
}
