{
  "name": "tetorica-fm2612-examples",
  "version": "0.1.0",
  "lockfileVersion": 3,
  "requires": true,
  "packages": {
    "": {
      "name": "tetorica-fm2612-examples",
      "version": "0.1.0",
      "license": "BSD-3-Clause",
      "dependencies": {
        "tetorica-fm2612": "0.2.0"
      },
      "engines": {
        "node": ">=22"
      }
    },
    "node_modules/tetorica-fm2612": {
      "version": "0.2.0",
      "resolved": "https://registry.npmjs.org/tetorica-fm2612/-/tetorica-fm2612-0.2.0.tgz",
      "integrity": "sha512-RNjCP7AyurchswPqRbVvrF0JcXOxfgLBbjutYD14igNLkAKd9xSiBWg1a1NJiEkNyaMMHb4HSyqgPVtaEnpwdA==",
      "license": "BSD-3-Clause",
      "engines": {
        "node": ">=22"
      }
    }
  }
}
