{
  "name": "tetorica-fm2612-examples",
  "version": "0.1.0",
  "lockfileVersion": 3,
  "requires": true,
  "packages": {
    "": {
      "name": "tetorica-fm2612-examples",
      "version": "0.1.0",
      "license": "BSD-3-Clause",
      "dependencies": {
        "tetorica-fm2612": "0.2.2"
      },
      "engines": {
        "node": ">=22"
      }
    },
    "node_modules/tetorica-fm2612": {
      "version": "0.2.2",
      "resolved": "https://registry.npmjs.org/tetorica-fm2612/-/tetorica-fm2612-0.2.2.tgz",
      "integrity": "sha512-oetYxq6ipNGLI/I1CJVS3v4bPG1S0AkGzudmGDCWD23HtW0v9JEHvfeERoTx5Uw5x5cqeLZbIlXhmkc508kXdg==",
      "license": "BSD-3-Clause",
      "engines": {
        "node": ">=22"
      }
    }
  }
}
